
Microsoft Visual Studio Solution File, Format Version 12.00
# Visual Studio Version 16
VisualStudioVersion = 16.0.31402.337
MinimumVisualStudioVersion = 10.0.40219.1
Project("{FAE04EC0-301F-11D3-BF4B-00C04F79EFBC}") = "SalesWebMvc", "SalesWebMvc\SalesWebMvc.csproj", "{D09A990F-0F45-4C6E-9414-4C3B9B6D1323}"
EndProject
Global
	GlobalSection(SolutionConfigurationPlatforms) = preSolution
		Debug|Any CPU = Debug|Any CPU
		Release|Any CPU = Release|Any CPU
	EndGlobalSection
	GlobalSection(ProjectConfigurationPlatforms) = postSolution
		{D09A990F-0F45-4C6E-9414-4C3B9B6D1323}.Debug|Any CPU.ActiveCfg = Debug|Any CPU
		{D09A990F-0F45-4C6E-9414-4C3B9B6D1323}.Debug|Any CPU.Build.0 = Debug|Any CPU
		{D09A990F-0F45-4C6E-9414-4C3B9B6D1323}.Release|Any CPU.ActiveCfg = Release|Any CPU
		{D09A990F-0F45-4C6E-9414-4C3B9B6D1323}.Release|Any CPU.Build.0 = Release|Any CPU
	EndGlobalSection
	GlobalSection(SolutionProperties) = preSolution
		HideSolutionNode = FALSE
	EndGlobalSection
	GlobalSection(ExtensibilityGlobals) = postSolution
		SolutionGuid = {D2D56D2F-233F-4405-84A6-49D272B3C1F4}
	EndGlobalSection
EndGlobal
